
Microsoft Visual Studio Solution File, Format Version 12.00
# Visual Studio Version 16
VisualStudioVersion = 16.0.33328.57
MinimumVisualStudioVersion = 10.0.40219.1
Project("{FAE04EC0-301F-11D3-BF4B-00C04F79EFBC}") = "tema3ex2", "tema3ex2\tema3ex2.csproj", "{5DA88ECA-5F79-45CF-B0C4-FC9F53835D1E}"
EndProject
Global
	GlobalSection(SolutionConfigurationPlatforms) = preSolution
		Debug|Any CPU = Debug|Any CPU
		Release|Any CPU = Release|Any CPU
	EndGlobalSection
	GlobalSection(ProjectConfigurationPlatforms) = postSolution
		{5DA88ECA-5F79-45CF-B0C4-FC9F53835D1E}.Debug|Any CPU.ActiveCfg = Debug|Any CPU
		{5DA88ECA-5F79-45CF-B0C4-FC9F53835D1E}.Debug|Any CPU.Build.0 = Debug|Any CPU
		{5DA88ECA-5F79-45CF-B0C4-FC9F53835D1E}.Release|Any CPU.ActiveCfg = Release|Any CPU
		{5DA88ECA-5F79-45CF-B0C4-FC9F53835D1E}.Release|Any CPU.Build.0 = Release|Any CPU
	EndGlobalSection
	GlobalSection(SolutionProperties) = preSolution
		HideSolutionNode = FALSE
	EndGlobalSection
	GlobalSection(ExtensibilityGlobals) = postSolution
		SolutionGuid = {C64228E9-F385-4121-8124-17CCD1A1AAFC}
	EndGlobalSection
EndGlobal
